<?xml version="1.0" encoding="utf-8"?>
<Project ToolsVersion="4.0" xmlns="http://schemas.microsoft.com/developer/msbuild/2003">
  <ItemGroup>
    <Filter Include="src">
      <UniqueIdentifier>{b0a5a5e1-0000-4a5f-8001-000000000000}</UniqueIdentifier>
    </Filter>
    <Filter Include="src\Common">
      <UniqueIdentifier>{b0a5a5e1-0001-4a5f-8001-000000000001}</UniqueIdentifier>
    </Filter>
    <Filter Include="src\Graphics">
      <UniqueIdentifier>{b0a5a5e1-0002-4a5f-8001-000000000002}</UniqueIdentifier>
    </Filter>
    <Filter Include="src\UI">
      <UniqueIdentifier>{b0a5a5e1-0003-4a5f-8001-000000000003}</UniqueIdentifier>
    </Filter>
    <Filter Include="src\Sort">
      <UniqueIdentifier>{b0a5a5e1-0004-4a5f-8001-000000000004}</UniqueIdentifier>
    </Filter>
    <Filter Include="src\App">
      <UniqueIdentifier>{b0a5a5e1-0005-4a5f-8001-000000000005}</UniqueIdentifier>
    </Filter>
  </ItemGroup>
  <ItemGroup>
    <ClInclude Include="src\Common\Coordinate.hpp">
      <Filter>src\Common</Filter>
    </ClInclude>
    <ClInclude Include="src\Common\Fraction.hpp">
      <Filter>src\Common</Filter>
    </ClInclude>
    <ClInclude Include="src\Common\ScopeGuard.hpp">
      <Filter>src\Common</Filter>
    </ClInclude>
    <ClInclude Include="src\Common\WideError.hpp">
      <Filter>src\Common</Filter>
    </ClInclude>
    <ClInclude Include="src\Graphics\ConfigManager.hpp">
      <Filter>src\Graphics</Filter>
    </ClInclude>
    <ClInclude Include="src\Graphics\DrawingTool.hpp">
      <Filter>src\Graphics</Filter>
    </ClInclude>
    <ClInclude Include="src\UI\Button.hpp">
      <Filter>src\UI</Filter>
    </ClInclude>
    <ClInclude Include="src\UI\Dialog.hpp">
      <Filter>src\UI</Filter>
    </ClInclude>
    <ClInclude Include="src\UI\InputBox.hpp">
      <Filter>src\UI</Filter>
    </ClInclude>
    <ClInclude Include="src\UI\Sketch.hpp">
      <Filter>src\UI</Filter>
    </ClInclude>
    <ClInclude Include="src\Sort\Counter.hpp">
      <Filter>src\Sort</Filter>
    </ClInclude>
    <ClInclude Include="src\Sort\Sort.hpp">
      <Filter>src\Sort</Filter>
    </ClInclude>
    <ClInclude Include="src\Sort\SortHelpers.hpp">
      <Filter>src\Sort</Filter>
    </ClInclude>
    <ClInclude Include="src\Sort\ExchangeSorts.hpp">
      <Filter>src\Sort</Filter>
    </ClInclude>
    <ClInclude Include="src\Sort\SelectSorts.hpp">
      <Filter>src\Sort</Filter>
    </ClInclude>
    <ClInclude Include="src\Sort\InsertSorts.hpp">
      <Filter>src\Sort</Filter>
    </ClInclude>
    <ClInclude Include="src\Sort\MergeSorts.hpp">
      <Filter>src\Sort</Filter>
    </ClInclude>
    <ClInclude Include="src\Sort\DistributeSorts.hpp">
      <Filter>src\Sort</Filter>
    </ClInclude>
    <ClInclude Include="src\Sort\HybridSorts.hpp">
      <Filter>src\Sort</Filter>
    </ClInclude>
    <ClInclude Include="src\Sort\ConcurrentSorts.hpp">
      <Filter>src\Sort</Filter>
    </ClInclude>
    <ClInclude Include="src\Sort\MiscSorts.hpp">
      <Filter>src\Sort</Filter>
    </ClInclude>
    <ClInclude Include="src\Sort\QuickSorts.hpp">
      <Filter>src\Sort</Filter>
    </ClInclude>
    <ClInclude Include="src\Sort\Strip.hpp">
      <Filter>src\Sort</Filter>
    </ClInclude>
    <ClInclude Include="src\App\MainMenu.hpp">
      <Filter>src\App</Filter>
    </ClInclude>
    <ClInclude Include="src\App\VisualSort.hpp">
      <Filter>src\App</Filter>
    </ClInclude>
    <ClInclude Include="src\App\MouseMessageSource.hpp">
      <Filter>src\App</Filter>
    </ClInclude>
    <ClInclude Include="src\Common\Channel.hpp">
      <Filter>src\Common</Filter>
    </ClInclude>
  </ItemGroup>
  <ItemGroup>
    <ClCompile Include="src\main.cpp">
      <Filter>src</Filter>
    </ClCompile>
  </ItemGroup>
</Project>